
Microsoft Visual Studio Solution File, Format Version 11.00
# Visual Studio 2010
Project("{FAE04EC0-301F-11D3-BF4B-00C04F79EFBC}") = "comp476_a1", "comp476_a1\comp476_a1\comp476_a1.csproj", "{31C9DA54-85E8-40DA-89DD-7E0BCC60C58D}"
EndProject
Project("{FAE04EC0-301F-11D3-BF4B-00C04F79EFBC}") = "comp476_a1Content", "comp476_a1\comp476_a1Content\comp476_a1Content.contentproj", "{2ADC6492-7696-41EF-A88C-06B560935B38}"
EndProject
Global
	GlobalSection(SolutionConfigurationPlatforms) = preSolution
		Debug|Any CPU = Debug|Any CPU
		Debug|Mixed Platforms = Debug|Mixed Platforms
		Debug|x86 = Debug|x86
		Release|Any CPU = Release|Any CPU
		Release|Mixed Platforms = Release|Mixed Platforms
		Release|x86 = Release|x86
	EndGlobalSection
	GlobalSection(ProjectConfigurationPlatforms) = postSolution
		{31C9DA54-85E8-40DA-89DD-7E0BCC60C58D}.Debug|Any CPU.ActiveCfg = Debug|x86
		{31C9DA54-85E8-40DA-89DD-7E0BCC60C58D}.Debug|Mixed Platforms.ActiveCfg = Debug|x86
		{31C9DA54-85E8-40DA-89DD-7E0BCC60C58D}.Debug|Mixed Platforms.Build.0 = Debug|x86
		{31C9DA54-85E8-40DA-89DD-7E0BCC60C58D}.Debug|x86.ActiveCfg = Debug|x86
		{31C9DA54-85E8-40DA-89DD-7E0BCC60C58D}.Debug|x86.Build.0 = Debug|x86
		{31C9DA54-85E8-40DA-89DD-7E0BCC60C58D}.Release|Any CPU.ActiveCfg = Release|x86
		{31C9DA54-85E8-40DA-89DD-7E0BCC60C58D}.Release|Mixed Platforms.ActiveCfg = Release|x86
		{31C9DA54-85E8-40DA-89DD-7E0BCC60C58D}.Release|Mixed Platforms.Build.0 = Release|x86
		{31C9DA54-85E8-40DA-89DD-7E0BCC60C58D}.Release|x86.ActiveCfg = Release|x86
		{31C9DA54-85E8-40DA-89DD-7E0BCC60C58D}.Release|x86.Build.0 = Release|x86
		{2ADC6492-7696-41EF-A88C-06B560935B38}.Debug|Any CPU.ActiveCfg = Debug|x86
		{2ADC6492-7696-41EF-A88C-06B560935B38}.Debug|Mixed Platforms.ActiveCfg = Debug|x86
		{2ADC6492-7696-41EF-A88C-06B560935B38}.Debug|x86.ActiveCfg = Debug|x86
		{2ADC6492-7696-41EF-A88C-06B560935B38}.Release|Any CPU.ActiveCfg = Release|x86
		{2ADC6492-7696-41EF-A88C-06B560935B38}.Release|Mixed Platforms.ActiveCfg = Release|x86
		{2ADC6492-7696-41EF-A88C-06B560935B38}.Release|x86.ActiveCfg = Release|x86
	EndGlobalSection
	GlobalSection(SolutionProperties) = preSolution
		HideSolutionNode = FALSE
	EndGlobalSection
EndGlobal
